// !$*UTF8*$!
{
	archiveVersion = 1;
	classes = {
	};
	objectVersion = 46;
	objects = {

/* Begin PBXBuildFile section */
		7D48B1911563EBCA00B6F38A /* main.cpp in Sources */ = {isa = PBXBuildFile; fileRef = 7D48B1901563EBCA00B6F38A /* main.cpp */; };
		7D48B1A11563EBDE00B6F38A /* GgSimpleShader.cpp in Sources */ = {isa = PBXBuildFile; fileRef = 7D48B1971563EBDE00B6F38A /* GgSimpleShader.cpp */; };
		7D64180515DE6EC3009D7F5D /* model.dat in Resources */ = {isa = PBXBuildFile; fileRef = 7D64180415DE6EBC009D7F5D /* model.dat */; };
		7D64182515DE6FD4009D7F5D /* GgPointShader.cpp in Sources */ = {isa = PBXBuildFile; fileRef = 7D64182415DE6FD4009D7F5D /* GgPointShader.cpp */; };
		7D7AF85F1222C8CC003A0434 /* opengl.icns in Resources */ = {isa = PBXBuildFile; fileRef = 7D7AF85E1222C8CC003A0434 /* opengl.icns */; };
		7D8ECEC315EF6F7100B1E965 /* pass3.frag in Resources */ = {isa = PBXBuildFile; fileRef = 7D8ECEC115EF6F3600B1E965 /* pass3.frag */; };
		7D8ECEC415EF6F7100B1E965 /* pass3.vert in Resources */ = {isa = PBXBuildFile; fileRef = 7D8ECEC215EF6F3600B1E965 /* pass3.vert */; };
		7D8ECEC615EF6FC500B1E965 /* GgPass3Shader.cpp in Sources */ = {isa = PBXBuildFile; fileRef = 7D8ECEC515EF6FC500B1E965 /* GgPass3Shader.cpp */; };
		7D8ECEC815EF704200B1E965 /* pass2.geom in Resources */ = {isa = PBXBuildFile; fileRef = 7D8ECEC715EF703C00B1E965 /* pass2.geom */; };
		7DD1A6CC15A9E439003B72C1 /* gg.cpp in Sources */ = {isa = PBXBuildFile; fileRef = 7DD1A6CA15A9E439003B72C1 /* gg.cpp */; };
		7DE9A2A115ECC98500325026 /* GgPass1Shader.cpp in Sources */ = {isa = PBXBuildFile; fileRef = 7DE9A29D15ECC98500325026 /* GgPass1Shader.cpp */; };
		7DE9A2A215ECC98500325026 /* GgPass2Shader.cpp in Sources */ = {isa = PBXBuildFile; fileRef = 7DE9A29F15ECC98500325026 /* GgPass2Shader.cpp */; };
		7DE9A2AB15ECC9AA00325026 /* pass1.frag in Resources */ = {isa = PBXBuildFile; fileRef = 7DE9A2A715ECC9A400325026 /* pass1.frag */; };
		7DE9A2AC15ECC9AA00325026 /* pass1.vert in Resources */ = {isa = PBXBuildFile; fileRef = 7DE9A2A815ECC9A400325026 /* pass1.vert */; };
		7DE9A2AD15ECC9AA00325026 /* pass2.frag in Resources */ = {isa = PBXBuildFile; fileRef = 7DE9A2A915ECC9A400325026 /* pass2.frag */; };
		7DE9A2AE15ECC9AA00325026 /* pass2.vert in Resources */ = {isa = PBXBuildFile; fileRef = 7DE9A2AA15ECC9A400325026 /* pass2.vert */; };
/* End PBXBuildFile section */

/* Begin PBXFileReference section */
		7D1E90EE1123E36C005E6C75 /* blur.app */ = {isa = PBXFileReference; explicitFileType = wrapper.application; includeInIndex = 0; path = blur.app; sourceTree = BUILT_PRODUCTS_DIR; };
		7D1E90F11123E36C005E6C75 /* Info.plist */ = {isa = PBXFileReference; lastKnownFileType = text.plist.xml; path = Info.plist; sourceTree = "<group>"; };
		7D48B18B1563EBBE00B6F38A /* GgSimpleShader.h */ = {isa = PBXFileReference; fileEncoding = 8; lastKnownFileType = sourcecode.c.h; path = GgSimpleShader.h; sourceTree = "<group>"; };
		7D48B1901563EBCA00B6F38A /* main.cpp */ = {isa = PBXFileReference; fileEncoding = 8; lastKnownFileType = sourcecode.cpp.cpp; path = main.cpp; sourceTree = "<group>"; };
		7D48B1971563EBDE00B6F38A /* GgSimpleShader.cpp */ = {isa = PBXFileReference; fileEncoding = 8; lastKnownFileType = sourcecode.cpp.cpp; path = GgSimpleShader.cpp; sourceTree = "<group>"; };
		7D64180415DE6EBC009D7F5D /* model.dat */ = {isa = PBXFileReference; fileEncoding = 8; lastKnownFileType = text; path = model.dat; sourceTree = "<group>"; };
		7D64182315DE6FCF009D7F5D /* GgPointShader.h */ = {isa = PBXFileReference; fileEncoding = 8; lastKnownFileType = sourcecode.c.h; path = GgPointShader.h; sourceTree = "<group>"; };
		7D64182415DE6FD4009D7F5D /* GgPointShader.cpp */ = {isa = PBXFileReference; fileEncoding = 8; lastKnownFileType = sourcecode.cpp.cpp; path = GgPointShader.cpp; sourceTree = "<group>"; };
		7D7AF85E1222C8CC003A0434 /* opengl.icns */ = {isa = PBXFileReference; lastKnownFileType = image.icns; path = opengl.icns; sourceTree = "<group>"; };
		7D8ECEBE15EF6F1700B1E965 /* GgPass3Shader.h */ = {isa = PBXFileReference; fileEncoding = 8; lastKnownFileType = sourcecode.c.h; path = GgPass3Shader.h; sourceTree = "<group>"; };
		7D8ECEC115EF6F3600B1E965 /* pass3.frag */ = {isa = PBXFileReference; fileEncoding = 8; lastKnownFileType = sourcecode.glsl; path = pass3.frag; sourceTree = "<group>"; };
		7D8ECEC215EF6F3600B1E965 /* pass3.vert */ = {isa = PBXFileReference; fileEncoding = 8; lastKnownFileType = sourcecode.glsl; path = pass3.vert; sourceTree = "<group>"; };
		7D8ECEC515EF6FC500B1E965 /* GgPass3Shader.cpp */ = {isa = PBXFileReference; fileEncoding = 8; lastKnownFileType = sourcecode.cpp.cpp; path = GgPass3Shader.cpp; sourceTree = "<group>"; };
		7D8ECEC715EF703C00B1E965 /* pass2.geom */ = {isa = PBXFileReference; fileEncoding = 8; lastKnownFileType = sourcecode.glsl; path = pass2.geom; sourceTree = "<group>"; };
		7DD1A6CA15A9E439003B72C1 /* gg.cpp */ = {isa = PBXFileReference; fileEncoding = 8; lastKnownFileType = sourcecode.cpp.cpp; path = gg.cpp; sourceTree = "<group>"; };
		7DD1A6CB15A9E439003B72C1 /* gg.h */ = {isa = PBXFileReference; fileEncoding = 8; lastKnownFileType = sourcecode.c.h; path = gg.h; sourceTree = "<group>"; };
		7DE9A29D15ECC98500325026 /* GgPass1Shader.cpp */ = {isa = PBXFileReference; fileEncoding = 8; lastKnownFileType = sourcecode.cpp.cpp; path = GgPass1Shader.cpp; sourceTree = "<group>"; };
		7DE9A29E15ECC98500325026 /* GgPass1Shader.h */ = {isa = PBXFileReference; fileEncoding = 8; lastKnownFileType = sourcecode.c.h; path = GgPass1Shader.h; sourceTree = "<group>"; };
		7DE9A29F15ECC98500325026 /* GgPass2Shader.cpp */ = {isa = PBXFileReference; fileEncoding = 8; lastKnownFileType = sourcecode.cpp.cpp; path = GgPass2Shader.cpp; sourceTree = "<group>"; };
		7DE9A2A015ECC98500325026 /* GgPass2Shader.h */ = {isa = PBXFileReference; fileEncoding = 8; lastKnownFileType = sourcecode.c.h; path = GgPass2Shader.h; sourceTree = "<group>"; };
		7DE9A2A715ECC9A400325026 /* pass1.frag */ = {isa = PBXFileReference; fileEncoding = 8; lastKnownFileType = sourcecode.glsl; path = pass1.frag; sourceTree = "<group>"; };
		7DE9A2A815ECC9A400325026 /* pass1.vert */ = {isa = PBXFileReference; fileEncoding = 8; lastKnownFileType = sourcecode.glsl; path = pass1.vert; sourceTree = "<group>"; };
		7DE9A2A915ECC9A400325026 /* pass2.frag */ = {isa = PBXFileReference; fileEncoding = 8; lastKnownFileType = sourcecode.glsl; path = pass2.frag; sourceTree = "<group>"; };
		7DE9A2AA15ECC9A400325026 /* pass2.vert */ = {isa = PBXFileReference; fileEncoding = 8; lastKnownFileType = sourcecode.glsl; path = pass2.vert; sourceTree = "<group>"; };
/* End PBXFileReference section */

/* Begin PBXFrameworksBuildPhase section */
		7D1E90EC1123E36C005E6C75 /* Frameworks */ = {
			isa = PBXFrameworksBuildPhase;
			buildActionMask = 2147483647;
			files = (
			);
			runOnlyForDeploymentPostprocessing = 0;
		};
/* End PBXFrameworksBuildPhase section */

/* Begin PBXGroup section */
		7D1E90D81123E2F7005E6C75 = {
			isa = PBXGroup;
			children = (
				7D48B1901563EBCA00B6F38A /* main.cpp */,
				7DD1A6CB15A9E439003B72C1 /* gg.h */,
				7DD1A6CA15A9E439003B72C1 /* gg.cpp */,
				7D64182315DE6FCF009D7F5D /* GgPointShader.h */,
				7D64182415DE6FD4009D7F5D /* GgPointShader.cpp */,
				7D48B18B1563EBBE00B6F38A /* GgSimpleShader.h */,
				7D48B1971563EBDE00B6F38A /* GgSimpleShader.cpp */,
				7DE9A29E15ECC98500325026 /* GgPass1Shader.h */,
				7DE9A29D15ECC98500325026 /* GgPass1Shader.cpp */,
				7DE9A2A015ECC98500325026 /* GgPass2Shader.h */,
				7DE9A29F15ECC98500325026 /* GgPass2Shader.cpp */,
				7D8ECEBE15EF6F1700B1E965 /* GgPass3Shader.h */,
				7D8ECEC515EF6FC500B1E965 /* GgPass3Shader.cpp */,
				7DE9A2A715ECC9A400325026 /* pass1.frag */,
				7DE9A2A815ECC9A400325026 /* pass1.vert */,
				7DE9A2A915ECC9A400325026 /* pass2.frag */,
				7D8ECEC715EF703C00B1E965 /* pass2.geom */,
				7DE9A2AA15ECC9A400325026 /* pass2.vert */,
				7D8ECEC115EF6F3600B1E965 /* pass3.frag */,
				7D8ECEC215EF6F3600B1E965 /* pass3.vert */,
				7D64180415DE6EBC009D7F5D /* model.dat */,
				7D1E90EF1123E36C005E6C75 /* Products */,
				7D1E90F11123E36C005E6C75 /* Info.plist */,
				7D7AF85E1222C8CC003A0434 /* opengl.icns */,
			);
			sourceTree = "<group>";
		};
		7D1E90EF1123E36C005E6C75 /* Products */ = {
			isa = PBXGroup;
			children = (
				7D1E90EE1123E36C005E6C75 /* blur.app */,
			);
			name = Products;
			sourceTree = "<group>";
		};
/* End PBXGroup section */

/* Begin PBXNativeTarget section */
		7D1E90ED1123E36C005E6C75 /* blur */ = {
			isa = PBXNativeTarget;
			buildConfigurationList = 7D1E90F41123E36D005E6C75 /* Build configuration list for PBXNativeTarget "blur" */;
			buildPhases = (
				7D1E90EA1123E36C005E6C75 /* Resources */,
				7D1E90EB1123E36C005E6C75 /* Sources */,
				7D1E90EC1123E36C005E6C75 /* Frameworks */,
			);
			buildRules = (
			);
			dependencies = (
			);
			name = blur;
			productName = blur;
			productReference = 7D1E90EE1123E36C005E6C75 /* blur.app */;
			productType = "com.apple.product-type.application";
		};
/* End PBXNativeTarget section */

/* Begin PBXProject section */
		7D1E90DA1123E2F7005E6C75 /* Project object */ = {
			isa = PBXProject;
			attributes = {
				LastUpgradeCheck = 0800;
			};
			buildConfigurationList = 7D1E90DD1123E2F7005E6C75 /* Build configuration list for PBXProject "blur" */;
			compatibilityVersion = "Xcode 3.2";
			developmentRegion = English;
			hasScannedForEncodings = 0;
			knownRegions = (
				English,
				Japanese,
				French,
				German,
			);
			mainGroup = 7D1E90D81123E2F7005E6C75;
			productRefGroup = 7D1E90EF1123E36C005E6C75 /* Products */;
			projectDirPath = "";
			projectRoot = "";
			targets = (
				7D1E90ED1123E36C005E6C75 /* blur */,
			);
		};
/* End PBXProject section */

/* Begin PBXResourcesBuildPhase section */
		7D1E90EA1123E36C005E6C75 /* Resources */ = {
			isa = PBXResourcesBuildPhase;
			buildActionMask = 2147483647;
			files = (
				7D8ECEC815EF704200B1E965 /* pass2.geom in Resources */,
				7DE9A2AC15ECC9AA00325026 /* pass1.vert in Resources */,
				7DE9A2AB15ECC9AA00325026 /* pass1.frag in Resources */,
				7DE9A2AE15ECC9AA00325026 /* pass2.vert in Resources */,
				7DE9A2AD15ECC9AA00325026 /* pass2.frag in Resources */,
				7D8ECEC415EF6F7100B1E965 /* pass3.vert in Resources */,
				7D8ECEC315EF6F7100B1E965 /* pass3.frag in Resources */,
				7D64180515DE6EC3009D7F5D /* model.dat in Resources */,
				7D7AF85F1222C8CC003A0434 /* opengl.icns in Resources */,
			);
			runOnlyForDeploymentPostprocessing = 0;
		};
/* End PBXResourcesBuildPhase section */

/* Begin PBXSourcesBuildPhase section */
		7D1E90EB1123E36C005E6C75 /* Sources */ = {
			isa = PBXSourcesBuildPhase;
			buildActionMask = 2147483647;
			files = (
				7D48B1911563EBCA00B6F38A /* main.cpp in Sources */,
				7D48B1A11563EBDE00B6F38A /* GgSimpleShader.cpp in Sources */,
				7DD1A6CC15A9E439003B72C1 /* gg.cpp in Sources */,
				7D64182515DE6FD4009D7F5D /* GgPointShader.cpp in Sources */,
				7DE9A2A115ECC98500325026 /* GgPass1Shader.cpp in Sources */,
				7DE9A2A215ECC98500325026 /* GgPass2Shader.cpp in Sources */,
				7D8ECEC615EF6FC500B1E965 /* GgPass3Shader.cpp in Sources */,
			);
			runOnlyForDeploymentPostprocessing = 0;
		};
/* End PBXSourcesBuildPhase section */

/* Begin XCBuildConfiguration section */
		7D1E90DB1123E2F7005E6C75 /* Debug */ = {
			isa = XCBuildConfiguration;
			buildSettings = {
				CLANG_ANALYZER_LOCALIZABILITY_NONLOCALIZED = YES;
				CLANG_WARN_BOOL_CONVERSION = YES;
				CLANG_WARN_CONSTANT_CONVERSION = YES;
				CLANG_WARN_EMPTY_BODY = YES;
				CLANG_WARN_ENUM_CONVERSION = YES;
				CLANG_WARN_INFINITE_RECURSION = YES;
				CLANG_WARN_INT_CONVERSION = YES;
				CLANG_WARN_SUSPICIOUS_MOVE = YES;
				CLANG_WARN_UNREACHABLE_CODE = YES;
				CLANG_WARN__DUPLICATE_METHOD_MATCH = YES;
				COPY_PHASE_STRIP = NO;
				ENABLE_STRICT_OBJC_MSGSEND = YES;
				ENABLE_TESTABILITY = YES;
				GCC_NO_COMMON_BLOCKS = YES;
				GCC_WARN_64_TO_32_BIT_CONVERSION = YES;
				GCC_WARN_ABOUT_RETURN_TYPE = YES;
				GCC_WARN_UNDECLARED_SELECTOR = YES;
				GCC_WARN_UNINITIALIZED_AUTOS = YES;
				GCC_WARN_UNUSED_FUNCTION = YES;
				GCC_WARN_UNUSED_VARIABLE = YES;
				ONLY_ACTIVE_ARCH = YES;
			};
			name = Debug;
		};
		7D1E90DC1123E2F7005E6C75 /* Release */ = {
			isa = XCBuildConfiguration;
			buildSettings = {
				CLANG_ANALYZER_LOCALIZABILITY_NONLOCALIZED = YES;
				CLANG_WARN_BOOL_CONVERSION = YES;
				CLANG_WARN_CONSTANT_CONVERSION = YES;
				CLANG_WARN_EMPTY_BODY = YES;
				CLANG_WARN_ENUM_CONVERSION = YES;
				CLANG_WARN_INFINITE_RECURSION = YES;
				CLANG_WARN_INT_CONVERSION = YES;
				CLANG_WARN_SUSPICIOUS_MOVE = YES;
				CLANG_WARN_UNREACHABLE_CODE = YES;
				CLANG_WARN__DUPLICATE_METHOD_MATCH = YES;
				COPY_PHASE_STRIP = YES;
				ENABLE_STRICT_OBJC_MSGSEND = YES;
				GCC_NO_COMMON_BLOCKS = YES;
				GCC_WARN_64_TO_32_BIT_CONVERSION = YES;
				GCC_WARN_ABOUT_RETURN_TYPE = YES;
				GCC_WARN_UNDECLARED_SELECTOR = YES;
				GCC_WARN_UNINITIALIZED_AUTOS = YES;
				GCC_WARN_UNUSED_FUNCTION = YES;
				GCC_WARN_UNUSED_VARIABLE = YES;
			};
			name = Release;
		};
		7D1E90F21123E36D005E6C75 /* Debug */ = {
			isa = XCBuildConfiguration;
			buildSettings = {
				ALWAYS_SEARCH_USER_PATHS = NO;
				CLANG_CXX_LIBRARY = "libc++";
				COMBINE_HIDPI_IMAGES = YES;
				COPY_PHASE_STRIP = NO;
				GCC_DYNAMIC_NO_PIC = NO;
				GCC_MODEL_TUNING = G5;
				GCC_OPTIMIZATION_LEVEL = 0;
				GCC_PRECOMPILE_PREFIX_HEADER = YES;
				GCC_PREFIX_HEADER = "";
				INFOPLIST_FILE = Info.plist;
				INSTALL_PATH = "$(HOME)/Applications";
				MACOSX_DEPLOYMENT_TARGET = 10.8;
				OTHER_LDFLAGS = (
					"-framework",
					GLUT,
					"-framework",
					OpenGL,
				);
				PRODUCT_BUNDLE_IDENTIFIER = "com.yourcompany.${PRODUCT_NAME:identifier}";
				PRODUCT_NAME = blur;
			};
			name = Debug;
		};
		7D1E90F31123E36D005E6C75 /* Release */ = {
			isa = XCBuildConfiguration;
			buildSettings = {
				ALWAYS_SEARCH_USER_PATHS = NO;
				CLANG_CXX_LIBRARY = "libc++";
				COMBINE_HIDPI_IMAGES = YES;
				COPY_PHASE_STRIP = YES;
				DEBUG_INFORMATION_FORMAT = "dwarf-with-dsym";
				GCC_MODEL_TUNING = G5;
				GCC_PRECOMPILE_PREFIX_HEADER = YES;
				GCC_PREFIX_HEADER = "";
				INFOPLIST_FILE = Info.plist;
				INSTALL_PATH = "$(HOME)/Applications";
				MACOSX_DEPLOYMENT_TARGET = 10.8;
				OTHER_LDFLAGS = (
					"-framework",
					GLUT,
					"-framework",
					OpenGL,
				);
				PRODUCT_BUNDLE_IDENTIFIER = "com.yourcompany.${PRODUCT_NAME:identifier}";
				PRODUCT_NAME = blur;
				ZERO_LINK = NO;
			};
			name = Release;
		};
/* End XCBuildConfiguration section */

/* Begin XCConfigurationList section */
		7D1E90DD1123E2F7005E6C75 /* Build configuration list for PBXProject "blur" */ = {
			isa = XCConfigurationList;
			buildConfigurations = (
				7D1E90DB1123E2F7005E6C75 /* Debug */,
				7D1E90DC1123E2F7005E6C75 /* Release */,
			);
			defaultConfigurationIsVisible = 0;
			defaultConfigurationName = Release;
		};
		7D1E90F41123E36D005E6C75 /* Build configuration list for PBXNativeTarget "blur" */ = {
			isa = XCConfigurationList;
			buildConfigurations = (
				7D1E90F21123E36D005E6C75 /* Debug */,
				7D1E90F31123E36D005E6C75 /* Release */,
			);
			defaultConfigurationIsVisible = 0;
			defaultConfigurationName = Release;
		};
/* End XCConfigurationList section */
	};
	rootObject = 7D1E90DA1123E2F7005E6C75 /* Project object */;
}
