// !$*UTF8*$!
{
	archiveVersion = 1;
	classes = {
	};
	objectVersion = 42;
	objects = {

/* Begin PBXBuildFile section */
		7D48B1911563EBCA00B6F38A /* main.cpp in Sources */ = {isa = PBXBuildFile; fileRef = 7D48B1901563EBCA00B6F38A /* main.cpp */; };
		7D48B19C1563EBDE00B6F38A /* Matrix.cpp in Sources */ = {isa = PBXBuildFile; fileRef = 7D48B1921563EBDE00B6F38A /* Matrix.cpp */; };
		7D48B19D1563EBDE00B6F38A /* Obj.cpp in Sources */ = {isa = PBXBuildFile; fileRef = 7D48B1931563EBDE00B6F38A /* Obj.cpp */; };
		7D48B19E1563EBDE00B6F38A /* Object.cpp in Sources */ = {isa = PBXBuildFile; fileRef = 7D48B1941563EBDE00B6F38A /* Object.cpp */; };
		7D48B19F1563EBDE00B6F38A /* Shader.cpp in Sources */ = {isa = PBXBuildFile; fileRef = 7D48B1951563EBDE00B6F38A /* Shader.cpp */; };
		7D48B1A01563EBDE00B6F38A /* Shape.cpp in Sources */ = {isa = PBXBuildFile; fileRef = 7D48B1961563EBDE00B6F38A /* Shape.cpp */; };
		7D48B1A11563EBDE00B6F38A /* SimpleShader.cpp in Sources */ = {isa = PBXBuildFile; fileRef = 7D48B1971563EBDE00B6F38A /* SimpleShader.cpp */; };
		7D48B1A21563EBDE00B6F38A /* Square.cpp in Sources */ = {isa = PBXBuildFile; fileRef = 7D48B1981563EBDE00B6F38A /* Square.cpp */; };
		7D48B1A31563EBDE00B6F38A /* Texture.cpp in Sources */ = {isa = PBXBuildFile; fileRef = 7D48B1991563EBDE00B6F38A /* Texture.cpp */; };
		7D48B1A41563EBDE00B6F38A /* TileShader.cpp in Sources */ = {isa = PBXBuildFile; fileRef = 7D48B19A1563EBDE00B6F38A /* TileShader.cpp */; };
		7D48B1A51563EBDE00B6F38A /* Trackball.cpp in Sources */ = {isa = PBXBuildFile; fileRef = 7D48B19B1563EBDE00B6F38A /* Trackball.cpp */; };
		7D48B1BB1563ED2200B6F38A /* Circle.cpp in Sources */ = {isa = PBXBuildFile; fileRef = 7D48B1BA1563ED2200B6F38A /* Circle.cpp */; };
		7D48B1BD1563ED5200B6F38A /* Attribute.cpp in Sources */ = {isa = PBXBuildFile; fileRef = 7D48B1BC1563ED5200B6F38A /* Attribute.cpp */; };
		7D48B1C51563ED8A00B6F38A /* simple.frag in Resources */ = {isa = PBXBuildFile; fileRef = 7D48B1C11563ED8600B6F38A /* simple.frag */; };
		7D48B1C61563ED8A00B6F38A /* tile.frag in Resources */ = {isa = PBXBuildFile; fileRef = 7D48B1C21563ED8600B6F38A /* tile.frag */; };
		7D48B1C71563ED8A00B6F38A /* simple.vert in Resources */ = {isa = PBXBuildFile; fileRef = 7D48B1C31563ED8600B6F38A /* simple.vert */; };
		7D48B1C81563ED8A00B6F38A /* tile.vert in Resources */ = {isa = PBXBuildFile; fileRef = 7D48B1C41563ED8600B6F38A /* tile.vert */; };
		7D48B1DB1563EEB600B6F38A /* gg.cpp in Sources */ = {isa = PBXBuildFile; fileRef = 7D48B1D91563EEB600B6F38A /* gg.cpp */; };
		7D7AF85F1222C8CC003A0434 /* opengl.icns in Resources */ = {isa = PBXBuildFile; fileRef = 7D7AF85E1222C8CC003A0434 /* opengl.icns */; };
/* End PBXBuildFile section */

/* Begin PBXFileReference section */
		7D1E90EE1123E36C005E6C75 /* blur.app */ = {isa = PBXFileReference; explicitFileType = wrapper.application; includeInIndex = 0; path = blur.app; sourceTree = BUILT_PRODUCTS_DIR; };
		7D1E90F11123E36C005E6C75 /* Info.plist */ = {isa = PBXFileReference; lastKnownFileType = text.plist.xml; path = Info.plist; sourceTree = "<group>"; };
		7D48B1841563EBAD00B6F38A /* Attribute.h */ = {isa = PBXFileReference; fileEncoding = 8; lastKnownFileType = sourcecode.c.h; path = Attribute.h; sourceTree = "<group>"; };
		7D48B1861563EBBE00B6F38A /* Matrix.h */ = {isa = PBXFileReference; fileEncoding = 8; lastKnownFileType = sourcecode.c.h; path = Matrix.h; sourceTree = "<group>"; };
		7D48B1871563EBBE00B6F38A /* Obj.h */ = {isa = PBXFileReference; fileEncoding = 8; lastKnownFileType = sourcecode.c.h; path = Obj.h; sourceTree = "<group>"; };
		7D48B1881563EBBE00B6F38A /* Object.h */ = {isa = PBXFileReference; fileEncoding = 8; lastKnownFileType = sourcecode.c.h; path = Object.h; sourceTree = "<group>"; };
		7D48B1891563EBBE00B6F38A /* Shader.h */ = {isa = PBXFileReference; fileEncoding = 8; lastKnownFileType = sourcecode.c.h; path = Shader.h; sourceTree = "<group>"; };
		7D48B18A1563EBBE00B6F38A /* Shape.h */ = {isa = PBXFileReference; fileEncoding = 8; lastKnownFileType = sourcecode.c.h; path = Shape.h; sourceTree = "<group>"; };
		7D48B18B1563EBBE00B6F38A /* SimpleShader.h */ = {isa = PBXFileReference; fileEncoding = 8; lastKnownFileType = sourcecode.c.h; path = SimpleShader.h; sourceTree = "<group>"; };
		7D48B18C1563EBBE00B6F38A /* Square.h */ = {isa = PBXFileReference; fileEncoding = 8; lastKnownFileType = sourcecode.c.h; path = Square.h; sourceTree = "<group>"; };
		7D48B18D1563EBBE00B6F38A /* Texture.h */ = {isa = PBXFileReference; fileEncoding = 8; lastKnownFileType = sourcecode.c.h; path = Texture.h; sourceTree = "<group>"; };
		7D48B18E1563EBBE00B6F38A /* TileShader.h */ = {isa = PBXFileReference; fileEncoding = 8; lastKnownFileType = sourcecode.c.h; path = TileShader.h; sourceTree = "<group>"; };
		7D48B18F1563EBBE00B6F38A /* Trackball.h */ = {isa = PBXFileReference; fileEncoding = 8; lastKnownFileType = sourcecode.c.h; path = Trackball.h; sourceTree = "<group>"; };
		7D48B1901563EBCA00B6F38A /* main.cpp */ = {isa = PBXFileReference; fileEncoding = 8; lastKnownFileType = sourcecode.cpp.cpp; path = main.cpp; sourceTree = "<group>"; };
		7D48B1921563EBDE00B6F38A /* Matrix.cpp */ = {isa = PBXFileReference; fileEncoding = 8; lastKnownFileType = sourcecode.cpp.cpp; path = Matrix.cpp; sourceTree = "<group>"; };
		7D48B1931563EBDE00B6F38A /* Obj.cpp */ = {isa = PBXFileReference; fileEncoding = 8; lastKnownFileType = sourcecode.cpp.cpp; path = Obj.cpp; sourceTree = "<group>"; };
		7D48B1941563EBDE00B6F38A /* Object.cpp */ = {isa = PBXFileReference; fileEncoding = 8; lastKnownFileType = sourcecode.cpp.cpp; path = Object.cpp; sourceTree = "<group>"; };
		7D48B1951563EBDE00B6F38A /* Shader.cpp */ = {isa = PBXFileReference; fileEncoding = 8; lastKnownFileType = sourcecode.cpp.cpp; path = Shader.cpp; sourceTree = "<group>"; };
		7D48B1961563EBDE00B6F38A /* Shape.cpp */ = {isa = PBXFileReference; fileEncoding = 8; lastKnownFileType = sourcecode.cpp.cpp; path = Shape.cpp; sourceTree = "<group>"; };
		7D48B1971563EBDE00B6F38A /* SimpleShader.cpp */ = {isa = PBXFileReference; fileEncoding = 8; lastKnownFileType = sourcecode.cpp.cpp; path = SimpleShader.cpp; sourceTree = "<group>"; };
		7D48B1981563EBDE00B6F38A /* Square.cpp */ = {isa = PBXFileReference; fileEncoding = 8; lastKnownFileType = sourcecode.cpp.cpp; path = Square.cpp; sourceTree = "<group>"; };
		7D48B1991563EBDE00B6F38A /* Texture.cpp */ = {isa = PBXFileReference; fileEncoding = 8; lastKnownFileType = sourcecode.cpp.cpp; path = Texture.cpp; sourceTree = "<group>"; };
		7D48B19A1563EBDE00B6F38A /* TileShader.cpp */ = {isa = PBXFileReference; fileEncoding = 8; lastKnownFileType = sourcecode.cpp.cpp; path = TileShader.cpp; sourceTree = "<group>"; };
		7D48B19B1563EBDE00B6F38A /* Trackball.cpp */ = {isa = PBXFileReference; fileEncoding = 8; lastKnownFileType = sourcecode.cpp.cpp; path = Trackball.cpp; sourceTree = "<group>"; };
		7D48B1B61563EC6100B6F38A /* Circle.h */ = {isa = PBXFileReference; fileEncoding = 8; lastKnownFileType = sourcecode.c.h; path = Circle.h; sourceTree = "<group>"; };
		7D48B1BA1563ED2200B6F38A /* Circle.cpp */ = {isa = PBXFileReference; fileEncoding = 8; lastKnownFileType = sourcecode.cpp.cpp; path = Circle.cpp; sourceTree = "<group>"; };
		7D48B1BC1563ED5200B6F38A /* Attribute.cpp */ = {isa = PBXFileReference; fileEncoding = 8; lastKnownFileType = sourcecode.cpp.cpp; path = Attribute.cpp; sourceTree = "<group>"; };
		7D48B1C11563ED8600B6F38A /* simple.frag */ = {isa = PBXFileReference; fileEncoding = 8; lastKnownFileType = sourcecode.glsl; path = simple.frag; sourceTree = "<group>"; };
		7D48B1C21563ED8600B6F38A /* tile.frag */ = {isa = PBXFileReference; fileEncoding = 8; lastKnownFileType = sourcecode.glsl; path = tile.frag; sourceTree = "<group>"; };
		7D48B1C31563ED8600B6F38A /* simple.vert */ = {isa = PBXFileReference; fileEncoding = 8; lastKnownFileType = sourcecode.glsl; path = simple.vert; sourceTree = "<group>"; };
		7D48B1C41563ED8600B6F38A /* tile.vert */ = {isa = PBXFileReference; fileEncoding = 8; lastKnownFileType = sourcecode.glsl; path = tile.vert; sourceTree = "<group>"; };
		7D48B1D91563EEB600B6F38A /* gg.cpp */ = {isa = PBXFileReference; fileEncoding = 8; lastKnownFileType = sourcecode.cpp.cpp; name = gg.cpp; path = gg/gg.cpp; sourceTree = "<group>"; };
		7D48B1DA1563EEB600B6F38A /* gg.h */ = {isa = PBXFileReference; fileEncoding = 8; lastKnownFileType = sourcecode.c.h; name = gg.h; path = gg/gg.h; sourceTree = "<group>"; };
		7D7AF85E1222C8CC003A0434 /* opengl.icns */ = {isa = PBXFileReference; lastKnownFileType = image.icns; path = opengl.icns; sourceTree = "<group>"; };
/* End PBXFileReference section */

/* Begin PBXFrameworksBuildPhase section */
		7D1E90EC1123E36C005E6C75 /* Frameworks */ = {
			isa = PBXFrameworksBuildPhase;
			buildActionMask = 2147483647;
			files = (
			);
			runOnlyForDeploymentPostprocessing = 0;
		};
/* End PBXFrameworksBuildPhase section */

/* Begin PBXGroup section */
		7D1E90D81123E2F7005E6C75 = {
			isa = PBXGroup;
			children = (
				7D48B1901563EBCA00B6F38A /* main.cpp */,
				7D48B1DA1563EEB600B6F38A /* gg.h */,
				7D48B1D91563EEB600B6F38A /* gg.cpp */,
				7D48B1861563EBBE00B6F38A /* Matrix.h */,
				7D48B1921563EBDE00B6F38A /* Matrix.cpp */,
				7D48B18F1563EBBE00B6F38A /* Trackball.h */,
				7D48B19B1563EBDE00B6F38A /* Trackball.cpp */,
				7D48B1841563EBAD00B6F38A /* Attribute.h */,
				7D48B1BC1563ED5200B6F38A /* Attribute.cpp */,
				7D48B18D1563EBBE00B6F38A /* Texture.h */,
				7D48B1991563EBDE00B6F38A /* Texture.cpp */,
				7D48B1891563EBBE00B6F38A /* Shader.h */,
				7D48B1951563EBDE00B6F38A /* Shader.cpp */,
				7D48B18B1563EBBE00B6F38A /* SimpleShader.h */,
				7D48B1971563EBDE00B6F38A /* SimpleShader.cpp */,
				7D48B18E1563EBBE00B6F38A /* TileShader.h */,
				7D48B19A1563EBDE00B6F38A /* TileShader.cpp */,
				7D48B1881563EBBE00B6F38A /* Object.h */,
				7D48B1941563EBDE00B6F38A /* Object.cpp */,
				7D48B18A1563EBBE00B6F38A /* Shape.h */,
				7D48B1961563EBDE00B6F38A /* Shape.cpp */,
				7D48B18C1563EBBE00B6F38A /* Square.h */,
				7D48B1981563EBDE00B6F38A /* Square.cpp */,
				7D48B1B61563EC6100B6F38A /* Circle.h */,
				7D48B1BA1563ED2200B6F38A /* Circle.cpp */,
				7D48B1871563EBBE00B6F38A /* Obj.h */,
				7D48B1931563EBDE00B6F38A /* Obj.cpp */,
				7D48B1C11563ED8600B6F38A /* simple.frag */,
				7D48B1C21563ED8600B6F38A /* tile.frag */,
				7D48B1C31563ED8600B6F38A /* simple.vert */,
				7D48B1C41563ED8600B6F38A /* tile.vert */,
				7D1E90EF1123E36C005E6C75 /* Products */,
				7D1E90F11123E36C005E6C75 /* Info.plist */,
				7D7AF85E1222C8CC003A0434 /* opengl.icns */,
			);
			sourceTree = "<group>";
		};
		7D1E90EF1123E36C005E6C75 /* Products */ = {
			isa = PBXGroup;
			children = (
				7D1E90EE1123E36C005E6C75 /* blur.app */,
			);
			name = Products;
			sourceTree = "<group>";
		};
/* End PBXGroup section */

/* Begin PBXNativeTarget section */
		7D1E90ED1123E36C005E6C75 /* blur */ = {
			isa = PBXNativeTarget;
			buildConfigurationList = 7D1E90F41123E36D005E6C75 /* Build configuration list for PBXNativeTarget "blur" */;
			buildPhases = (
				7D1E90EA1123E36C005E6C75 /* Resources */,
				7D1E90EB1123E36C005E6C75 /* Sources */,
				7D1E90EC1123E36C005E6C75 /* Frameworks */,
			);
			buildRules = (
			);
			dependencies = (
			);
			name = blur;
			productName = blur;
			productReference = 7D1E90EE1123E36C005E6C75 /* blur.app */;
			productType = "com.apple.product-type.application";
		};
/* End PBXNativeTarget section */

/* Begin PBXProject section */
		7D1E90DA1123E2F7005E6C75 /* Project object */ = {
			isa = PBXProject;
			buildConfigurationList = 7D1E90DD1123E2F7005E6C75 /* Build configuration list for PBXProject "blur" */;
			compatibilityVersion = "Xcode 2.4";
			developmentRegion = English;
			hasScannedForEncodings = 0;
			knownRegions = (
				English,
				Japanese,
				French,
				German,
			);
			mainGroup = 7D1E90D81123E2F7005E6C75;
			productRefGroup = 7D1E90EF1123E36C005E6C75 /* Products */;
			projectDirPath = "";
			projectRoot = "";
			targets = (
				7D1E90ED1123E36C005E6C75 /* blur */,
			);
		};
/* End PBXProject section */

/* Begin PBXResourcesBuildPhase section */
		7D1E90EA1123E36C005E6C75 /* Resources */ = {
			isa = PBXResourcesBuildPhase;
			buildActionMask = 2147483647;
			files = (
				7D48B1C51563ED8A00B6F38A /* simple.frag in Resources */,
				7D48B1C61563ED8A00B6F38A /* tile.frag in Resources */,
				7D48B1C71563ED8A00B6F38A /* simple.vert in Resources */,
				7D48B1C81563ED8A00B6F38A /* tile.vert in Resources */,
				7D7AF85F1222C8CC003A0434 /* opengl.icns in Resources */,
			);
			runOnlyForDeploymentPostprocessing = 0;
		};
/* End PBXResourcesBuildPhase section */

/* Begin PBXSourcesBuildPhase section */
		7D1E90EB1123E36C005E6C75 /* Sources */ = {
			isa = PBXSourcesBuildPhase;
			buildActionMask = 2147483647;
			files = (
				7D48B1911563EBCA00B6F38A /* main.cpp in Sources */,
				7D48B19C1563EBDE00B6F38A /* Matrix.cpp in Sources */,
				7D48B19D1563EBDE00B6F38A /* Obj.cpp in Sources */,
				7D48B19E1563EBDE00B6F38A /* Object.cpp in Sources */,
				7D48B19F1563EBDE00B6F38A /* Shader.cpp in Sources */,
				7D48B1A01563EBDE00B6F38A /* Shape.cpp in Sources */,
				7D48B1A11563EBDE00B6F38A /* SimpleShader.cpp in Sources */,
				7D48B1A21563EBDE00B6F38A /* Square.cpp in Sources */,
				7D48B1A31563EBDE00B6F38A /* Texture.cpp in Sources */,
				7D48B1A41563EBDE00B6F38A /* TileShader.cpp in Sources */,
				7D48B1A51563EBDE00B6F38A /* Trackball.cpp in Sources */,
				7D48B1BB1563ED2200B6F38A /* Circle.cpp in Sources */,
				7D48B1BD1563ED5200B6F38A /* Attribute.cpp in Sources */,
				7D48B1DB1563EEB600B6F38A /* gg.cpp in Sources */,
			);
			runOnlyForDeploymentPostprocessing = 0;
		};
/* End PBXSourcesBuildPhase section */

/* Begin XCBuildConfiguration section */
		7D1E90DB1123E2F7005E6C75 /* Debug */ = {
			isa = XCBuildConfiguration;
			buildSettings = {
				COPY_PHASE_STRIP = NO;
			};
			name = Debug;
		};
		7D1E90DC1123E2F7005E6C75 /* Release */ = {
			isa = XCBuildConfiguration;
			buildSettings = {
				COPY_PHASE_STRIP = YES;
			};
			name = Release;
		};
		7D1E90F21123E36D005E6C75 /* Debug */ = {
			isa = XCBuildConfiguration;
			buildSettings = {
				ALWAYS_SEARCH_USER_PATHS = NO;
				COPY_PHASE_STRIP = NO;
				GCC_DYNAMIC_NO_PIC = NO;
				GCC_ENABLE_FIX_AND_CONTINUE = YES;
				GCC_MODEL_TUNING = G5;
				GCC_OPTIMIZATION_LEVEL = 0;
				GCC_PRECOMPILE_PREFIX_HEADER = YES;
				GCC_PREFIX_HEADER = "";
				INFOPLIST_FILE = Info.plist;
				INSTALL_PATH = "$(HOME)/Applications";
				OTHER_LDFLAGS = (
					"-framework",
					GLUT,
					"-framework",
					OpenGL,
				);
				PREBINDING = NO;
				PRODUCT_NAME = blur;
			};
			name = Debug;
		};
		7D1E90F31123E36D005E6C75 /* Release */ = {
			isa = XCBuildConfiguration;
			buildSettings = {
				ALWAYS_SEARCH_USER_PATHS = NO;
				COPY_PHASE_STRIP = YES;
				DEBUG_INFORMATION_FORMAT = "dwarf-with-dsym";
				GCC_ENABLE_FIX_AND_CONTINUE = NO;
				GCC_MODEL_TUNING = G5;
				GCC_PRECOMPILE_PREFIX_HEADER = YES;
				GCC_PREFIX_HEADER = "";
				INFOPLIST_FILE = Info.plist;
				INSTALL_PATH = "$(HOME)/Applications";
				OTHER_LDFLAGS = (
					"-framework",
					GLUT,
					"-framework",
					OpenGL,
				);
				PREBINDING = NO;
				PRODUCT_NAME = blur;
				ZERO_LINK = NO;
			};
			name = Release;
		};
/* End XCBuildConfiguration section */

/* Begin XCConfigurationList section */
		7D1E90DD1123E2F7005E6C75 /* Build configuration list for PBXProject "blur" */ = {
			isa = XCConfigurationList;
			buildConfigurations = (
				7D1E90DB1123E2F7005E6C75 /* Debug */,
				7D1E90DC1123E2F7005E6C75 /* Release */,
			);
			defaultConfigurationIsVisible = 0;
			defaultConfigurationName = Release;
		};
		7D1E90F41123E36D005E6C75 /* Build configuration list for PBXNativeTarget "blur" */ = {
			isa = XCConfigurationList;
			buildConfigurations = (
				7D1E90F21123E36D005E6C75 /* Debug */,
				7D1E90F31123E36D005E6C75 /* Release */,
			);
			defaultConfigurationIsVisible = 0;
			defaultConfigurationName = Release;
		};
/* End XCConfigurationList section */
	};
	rootObject = 7D1E90DA1123E2F7005E6C75 /* Project object */;
}
